
Microsoft Visual Studio Solution File, Format Version 12.00
# Visual Studio 15
VisualStudioVersion = 15.0.26124.0
MinimumVisualStudioVersion = 15.0.26124.0
Project("{2150E333-8FDC-42A3-9474-1A3956D46DE8}") = "src", "src", "{995B3BAC-91DB-4369-ACD4-8B78B5060A53}"
EndProject
Project("{FAE04EC0-301F-11D3-BF4B-00C04F79EFBC}") = "GradeBook", "src\GradeBook\GradeBook.csproj", "{2F0C9AA9-494B-4610-8317-2CAA0F48D8E3}"
EndProject
Project("{2150E333-8FDC-42A3-9474-1A3956D46DE8}") = "test", "test", "{70C70B13-F135-49C9-A234-C7A9671E8E7D}"
EndProject
Project("{FAE04EC0-301F-11D3-BF4B-00C04F79EFBC}") = "GradeBook.Tests", "test\GradeBook.Tests\GradeBook.Tests.csproj", "{72094DB1-231C-4A1B-9B45-F74E6DC1D75F}"
EndProject
Global
	GlobalSection(SolutionConfigurationPlatforms) = preSolution
		Debug|Any CPU = Debug|Any CPU
		Debug|x64 = Debug|x64
		Debug|x86 = Debug|x86
		Release|Any CPU = Release|Any CPU
		Release|x64 = Release|x64
		Release|x86 = Release|x86
	EndGlobalSection
	GlobalSection(SolutionProperties) = preSolution
		HideSolutionNode = FALSE
	EndGlobalSection
	GlobalSection(ProjectConfigurationPlatforms) = postSolution
		{2F0C9AA9-494B-4610-8317-2CAA0F48D8E3}.Debug|Any CPU.ActiveCfg = Debug|Any CPU
		{2F0C9AA9-494B-4610-8317-2CAA0F48D8E3}.Debug|Any CPU.Build.0 = Debug|Any CPU
		{2F0C9AA9-494B-4610-8317-2CAA0F48D8E3}.Debug|x64.ActiveCfg = Debug|Any CPU
		{2F0C9AA9-494B-4610-8317-2CAA0F48D8E3}.Debug|x64.Build.0 = Debug|Any CPU
		{2F0C9AA9-494B-4610-8317-2CAA0F48D8E3}.Debug|x86.ActiveCfg = Debug|Any CPU
		{2F0C9AA9-494B-4610-8317-2CAA0F48D8E3}.Debug|x86.Build.0 = Debug|Any CPU
		{2F0C9AA9-494B-4610-8317-2CAA0F48D8E3}.Release|Any CPU.ActiveCfg = Release|Any CPU
		{2F0C9AA9-494B-4610-8317-2CAA0F48D8E3}.Release|Any CPU.Build.0 = Release|Any CPU
		{2F0C9AA9-494B-4610-8317-2CAA0F48D8E3}.Release|x64.ActiveCfg = Release|Any CPU
		{2F0C9AA9-494B-4610-8317-2CAA0F48D8E3}.Release|x64.Build.0 = Release|Any CPU
		{2F0C9AA9-494B-4610-8317-2CAA0F48D8E3}.Release|x86.ActiveCfg = Release|Any CPU
		{2F0C9AA9-494B-4610-8317-2CAA0F48D8E3}.Release|x86.Build.0 = Release|Any CPU
		{72094DB1-231C-4A1B-9B45-F74E6DC1D75F}.Debug|Any CPU.ActiveCfg = Debug|Any CPU
		{72094DB1-231C-4A1B-9B45-F74E6DC1D75F}.Debug|Any CPU.Build.0 = Debug|Any CPU
		{72094DB1-231C-4A1B-9B45-F74E6DC1D75F}.Debug|x64.ActiveCfg = Debug|Any CPU
		{72094DB1-231C-4A1B-9B45-F74E6DC1D75F}.Debug|x64.Build.0 = Debug|Any CPU
		{72094DB1-231C-4A1B-9B45-F74E6DC1D75F}.Debug|x86.ActiveCfg = Debug|Any CPU
		{72094DB1-231C-4A1B-9B45-F74E6DC1D75F}.Debug|x86.Build.0 = Debug|Any CPU
		{72094DB1-231C-4A1B-9B45-F74E6DC1D75F}.Release|Any CPU.ActiveCfg = Release|Any CPU
		{72094DB1-231C-4A1B-9B45-F74E6DC1D75F}.Release|Any CPU.Build.0 = Release|Any CPU
		{72094DB1-231C-4A1B-9B45-F74E6DC1D75F}.Release|x64.ActiveCfg = Release|Any CPU
		{72094DB1-231C-4A1B-9B45-F74E6DC1D75F}.Release|x64.Build.0 = Release|Any CPU
		{72094DB1-231C-4A1B-9B45-F74E6DC1D75F}.Release|x86.ActiveCfg = Release|Any CPU
		{72094DB1-231C-4A1B-9B45-F74E6DC1D75F}.Release|x86.Build.0 = Release|Any CPU
	EndGlobalSection
	GlobalSection(NestedProjects) = preSolution
		{2F0C9AA9-494B-4610-8317-2CAA0F48D8E3} = {995B3BAC-91DB-4369-ACD4-8B78B5060A53}
		{72094DB1-231C-4A1B-9B45-F74E6DC1D75F} = {70C70B13-F135-49C9-A234-C7A9671E8E7D}
	EndGlobalSection
EndGlobal
